{
  "name": "dqxclarity",
  "lockfileVersion": 3,
  "requires": true,
  "packages": {
    "": {
      "dependencies": {
        "@types/frida-gum": "^19.0.1"
      }
    },
    "node_modules/@types/frida-gum": {
      "version": "19.0.1",
      "resolved": "https://registry.npmjs.org/@types/frida-gum/-/frida-gum-19.0.1.tgz",
      "integrity": "sha512-mp8BpWWkQFJH86ZN5uXZuDiA7KY/+jDknrw0a06x0/+F5ucPwctHrCuV6iT+LLCp/GyICc36ssedF33B1WoLsw==",
      "license": "MIT"
    }
  }
}
